// !$*UTF8*$!
{
	archiveVersion = 1;
	classes = {
	};
	objectVersion = 46;
	objects = {

/* Begin PBXBuildFile section */
		F82D847F1B69F95500574AA4 /* main.cpp in Sources */ = {isa = PBXBuildFile; fileRef = F82D847E1B69F95500574AA4 /* main.cpp */; };
		F82D84891B69F97E00574AA4 /* Man.cpp in Sources */ = {isa = PBXBuildFile; fileRef = F82D84851B69F97E00574AA4 /* Man.cpp */; };
		F82D848A1B69F97E00574AA4 /* People.cpp in Sources */ = {isa = PBXBuildFile; fileRef = F82D84871B69F97E00574AA4 /* People.cpp */; };
/* End PBXBuildFile section */

/* Begin PBXCopyFilesBuildPhase section */
		F82D84791B69F95500574AA4 /* CopyFiles */ = {
			isa = PBXCopyFilesBuildPhase;
			buildActionMask = 2147483647;
			dstPath = /usr/share/man/man1/;
			dstSubfolderSpec = 0;
			files = (
			);
			runOnlyForDeploymentPostprocessing = 1;
		};
/* End PBXCopyFilesBuildPhase section */

/* Begin PBXFileReference section */
		F82D847B1B69F95500574AA4 /* L07Functions */ = {isa = PBXFileReference; explicitFileType = "compiled.mach-o.executable"; includeInIndex = 0; path = L07Functions; sourceTree = BUILT_PRODUCTS_DIR; };
		F82D847E1B69F95500574AA4 /* main.cpp */ = {isa = PBXFileReference; lastKnownFileType = sourcecode.cpp.cpp; path = main.cpp; sourceTree = "<group>"; };
		F82D84851B69F97E00574AA4 /* Man.cpp */ = {isa = PBXFileReference; fileEncoding = 4; lastKnownFileType = sourcecode.cpp.cpp; path = Man.cpp; sourceTree = "<group>"; };
		F82D84861B69F97E00574AA4 /* Man.h */ = {isa = PBXFileReference; fileEncoding = 4; lastKnownFileType = sourcecode.c.h; path = Man.h; sourceTree = "<group>"; };
		F82D84871B69F97E00574AA4 /* People.cpp */ = {isa = PBXFileReference; fileEncoding = 4; lastKnownFileType = sourcecode.cpp.cpp; path = People.cpp; sourceTree = "<group>"; };
		F82D84881B69F97E00574AA4 /* People.h */ = {isa = PBXFileReference; fileEncoding = 4; lastKnownFileType = sourcecode.c.h; path = People.h; sourceTree = "<group>"; };
/* End PBXFileReference section */

/* Begin PBXFrameworksBuildPhase section */
		F82D84781B69F95500574AA4 /* Frameworks */ = {
			isa = PBXFrameworksBuildPhase;
			buildActionMask = 2147483647;
			files = (
			);
			runOnlyForDeploymentPostprocessing = 0;
		};
/* End PBXFrameworksBuildPhase section */

/* Begin PBXGroup section */
		F82D84721B69F95500574AA4 = {
			isa = PBXGroup;
			children = (
				F82D847D1B69F95500574AA4 /* L07Functions */,
				F82D847C1B69F95500574AA4 /* Products */,
			);
			sourceTree = "<group>";
		};
		F82D847C1B69F95500574AA4 /* Products */ = {
			isa = PBXGroup;
			children = (
				F82D847B1B69F95500574AA4 /* L07Functions */,
			);
			name = Products;
			sourceTree = "<group>";
		};
		F82D847D1B69F95500574AA4 /* L07Functions */ = {
			isa = PBXGroup;
			children = (
				F82D84851B69F97E00574AA4 /* Man.cpp */,
				F82D84861B69F97E00574AA4 /* Man.h */,
				F82D84871B69F97E00574AA4 /* People.cpp */,
				F82D84881B69F97E00574AA4 /* People.h */,
				F82D847E1B69F95500574AA4 /* main.cpp */,
			);
			path = L07Functions;
			sourceTree = "<group>";
		};
/* End PBXGroup section */

/* Begin PBXNativeTarget section */
		F82D847A1B69F95500574AA4 /* L07Functions */ = {
			isa = PBXNativeTarget;
			buildConfigurationList = F82D84821B69F95500574AA4 /* Build configuration list for PBXNativeTarget "L07Functions" */;
			buildPhases = (
				F82D84771B69F95500574AA4 /* Sources */,
				F82D84781B69F95500574AA4 /* Frameworks */,
				F82D84791B69F95500574AA4 /* CopyFiles */,
			);
			buildRules = (
			);
			dependencies = (
			);
			name = L07Functions;
			productName = L07Functions;
			productReference = F82D847B1B69F95500574AA4 /* L07Functions */;
			productType = "com.apple.product-type.tool";
		};
/* End PBXNativeTarget section */

/* Begin PBXProject section */
		F82D84731B69F95500574AA4 /* Project object */ = {
			isa = PBXProject;
			attributes = {
				LastUpgradeCheck = 0630;
				ORGANIZATIONNAME = yan;
				TargetAttributes = {
					F82D847A1B69F95500574AA4 = {
						CreatedOnToolsVersion = 6.3.2;
					};
				};
			};
			buildConfigurationList = F82D84761B69F95500574AA4 /* Build configuration list for PBXProject "L07Functions" */;
			compatibilityVersion = "Xcode 3.2";
			developmentRegion = English;
			hasScannedForEncodings = 0;
			knownRegions = (
				en,
			);
			mainGroup = F82D84721B69F95500574AA4;
			productRefGroup = F82D847C1B69F95500574AA4 /* Products */;
			projectDirPath = "";
			projectRoot = "";
			targets = (
				F82D847A1B69F95500574AA4 /* L07Functions */,
			);
		};
/* End PBXProject section */

/* Begin PBXSourcesBuildPhase section */
		F82D84771B69F95500574AA4 /* Sources */ = {
			isa = PBXSourcesBuildPhase;
			buildActionMask = 2147483647;
			files = (
				F82D84891B69F97E00574AA4 /* Man.cpp in Sources */,
				F82D848A1B69F97E00574AA4 /* People.cpp in Sources */,
				F82D847F1B69F95500574AA4 /* main.cpp in Sources */,
			);
			runOnlyForDeploymentPostprocessing = 0;
		};
/* End PBXSourcesBuildPhase section */

/* Begin XCBuildConfiguration section */
		F82D84801B69F95500574AA4 /* Debug */ = {
			isa = XCBuildConfiguration;
			buildSettings = {
				ALWAYS_SEARCH_USER_PATHS = NO;
				CLANG_CXX_LANGUAGE_STANDARD = "gnu++0x";
				CLANG_CXX_LIBRARY = "libc++";
				CLANG_ENABLE_MODULES = YES;
				CLANG_ENABLE_OBJC_ARC = YES;
				CLANG_WARN_BOOL_CONVERSION = YES;
				CLANG_WARN_CONSTANT_CONVERSION = YES;
				CLANG_WARN_DIRECT_OBJC_ISA_USAGE = YES_ERROR;
				CLANG_WARN_EMPTY_BODY = YES;
				CLANG_WARN_ENUM_CONVERSION = YES;
				CLANG_WARN_INT_CONVERSION = YES;
				CLANG_WARN_OBJC_ROOT_CLASS = YES_ERROR;
				CLANG_WARN_UNREACHABLE_CODE = YES;
				CLANG_WARN__DUPLICATE_METHOD_MATCH = YES;
				COPY_PHASE_STRIP = NO;
				DEBUG_INFORMATION_FORMAT = dwarf;
				ENABLE_STRICT_OBJC_MSGSEND = YES;
				GCC_C_LANGUAGE_STANDARD = gnu99;
				GCC_DYNAMIC_NO_PIC = NO;
				GCC_NO_COMMON_BLOCKS = YES;
				GCC_OPTIMIZATION_LEVEL = 0;
				GCC_PREPROCESSOR_DEFINITIONS = (
					"DEBUG=1",
					"$(inherited)",
				);
				GCC_SYMBOLS_PRIVATE_EXTERN = NO;
				GCC_WARN_64_TO_32_BIT_CONVERSION = YES;
				GCC_WARN_ABOUT_RETURN_TYPE = YES_ERROR;
				GCC_WARN_UNDECLARED_SELECTOR = YES;
				GCC_WARN_UNINITIALIZED_AUTOS = YES_AGGRESSIVE;
				GCC_WARN_UNUSED_FUNCTION = YES;
				GCC_WARN_UNUSED_VARIABLE = YES;
				MACOSX_DEPLOYMENT_TARGET = 10.10;
				MTL_ENABLE_DEBUG_INFO = YES;
				ONLY_ACTIVE_ARCH = YES;
				SDKROOT = macosx;
			};
			name = Debug;
		};
		F82D84811B69F95500574AA4 /* Release */ = {
			isa = XCBuildConfiguration;
			buildSettings = {
				ALWAYS_SEARCH_USER_PATHS = NO;
				CLANG_CXX_LANGUAGE_STANDARD = "gnu++0x";
				CLANG_CXX_LIBRARY = "libc++";
				CLANG_ENABLE_MODULES = YES;
				CLANG_ENABLE_OBJC_ARC = YES;
				CLANG_WARN_BOOL_CONVERSION = YES;
				CLANG_WARN_CONSTANT_CONVERSION = YES;
				CLANG_WARN_DIRECT_OBJC_ISA_USAGE = YES_ERROR;
				CLANG_WARN_EMPTY_BODY = YES;
				CLANG_WARN_ENUM_CONVERSION = YES;
				CLANG_WARN_INT_CONVERSION = YES;
				CLANG_WARN_OBJC_ROOT_CLASS = YES_ERROR;
				CLANG_WARN_UNREACHABLE_CODE = YES;
				CLANG_WARN__DUPLICATE_METHOD_MATCH = YES;
				COPY_PHASE_STRIP = NO;
				DEBUG_INFORMATION_FORMAT = "dwarf-with-dsym";
				ENABLE_NS_ASSERTIONS = NO;
				ENABLE_STRICT_OBJC_MSGSEND = YES;
				GCC_C_LANGUAGE_STANDARD = gnu99;
				GCC_NO_COMMON_BLOCKS = YES;
				GCC_WARN_64_TO_32_BIT_CONVERSION = YES;
				GCC_WARN_ABOUT_RETURN_TYPE = YES_ERROR;
				GCC_WARN_UNDECLARED_SELECTOR = YES;
				GCC_WARN_UNINITIALIZED_AUTOS = YES_AGGRESSIVE;
				GCC_WARN_UNUSED_FUNCTION = YES;
				GCC_WARN_UNUSED_VARIABLE = YES;
				MACOSX_DEPLOYMENT_TARGET = 10.10;
				MTL_ENABLE_DEBUG_INFO = NO;
				SDKROOT = macosx;
			};
			name = Release;
		};
		F82D84831B69F95500574AA4 /* Debug */ = {
			isa = XCBuildConfiguration;
			buildSettings = {
				PRODUCT_NAME = "$(TARGET_NAME)";
			};
			name = Debug;
		};
		F82D84841B69F95500574AA4 /* Release */ = {
			isa = XCBuildConfiguration;
			buildSettings = {
				PRODUCT_NAME = "$(TARGET_NAME)";
			};
			name = Release;
		};
/* End XCBuildConfiguration section */

/* Begin XCConfigurationList section */
		F82D84761B69F95500574AA4 /* Build configuration list for PBXProject "L07Functions" */ = {
			isa = XCConfigurationList;
			buildConfigurations = (
				F82D84801B69F95500574AA4 /* Debug */,
				F82D84811B69F95500574AA4 /* Release */,
			);
			defaultConfigurationIsVisible = 0;
			defaultConfigurationName = Release;
		};
		F82D84821B69F95500574AA4 /* Build configuration list for PBXNativeTarget "L07Functions" */ = {
			isa = XCConfigurationList;
			buildConfigurations = (
				F82D84831B69F95500574AA4 /* Debug */,
				F82D84841B69F95500574AA4 /* Release */,
			);
			defaultConfigurationIsVisible = 0;
		};
/* End XCConfigurationList section */
	};
	rootObject = F82D84731B69F95500574AA4 /* Project object */;
}
